
Microsoft Visual Studio Solution File, Format Version 12.00
# Visual Studio Version 17
VisualStudioVersion = 17.3.32825.248
MinimumVisualStudioVersion = 10.0.40219.1
Project("{FAE04EC0-301F-11D3-BF4B-00C04F79EFBC}") = "BeerCollection.WebAPI", "BeerCollectionAPI\BeerCollection.WebAPI.csproj", "{F4F566F1-DB4D-4369-8FDE-D5E547723FBE}"
EndProject
Project("{FAE04EC0-301F-11D3-BF4B-00C04F79EFBC}") = "BeerCollection.Domain", "BeerCollection.Domain\BeerCollection.Domain.csproj", "{868850DC-9136-4F6F-B22B-CDC69D1427DC}"
EndProject
Project("{FAE04EC0-301F-11D3-BF4B-00C04F79EFBC}") = "BeerCollection.Data", "BeerCollection.Data\BeerCollection.Data.csproj", "{BAE4CE0E-3C9B-4D44-8EF0-11C0234790A0}"
EndProject
Global
	GlobalSection(SolutionConfigurationPlatforms) = preSolution
		Debug|Any CPU = Debug|Any CPU
		Release|Any CPU = Release|Any CPU
	EndGlobalSection
	GlobalSection(ProjectConfigurationPlatforms) = postSolution
		{F4F566F1-DB4D-4369-8FDE-D5E547723FBE}.Debug|Any CPU.ActiveCfg = Debug|Any CPU
		{F4F566F1-DB4D-4369-8FDE-D5E547723FBE}.Debug|Any CPU.Build.0 = Debug|Any CPU
		{F4F566F1-DB4D-4369-8FDE-D5E547723FBE}.Release|Any CPU.ActiveCfg = Release|Any CPU
		{F4F566F1-DB4D-4369-8FDE-D5E547723FBE}.Release|Any CPU.Build.0 = Release|Any CPU
		{868850DC-9136-4F6F-B22B-CDC69D1427DC}.Debug|Any CPU.ActiveCfg = Debug|Any CPU
		{868850DC-9136-4F6F-B22B-CDC69D1427DC}.Debug|Any CPU.Build.0 = Debug|Any CPU
		{868850DC-9136-4F6F-B22B-CDC69D1427DC}.Release|Any CPU.ActiveCfg = Release|Any CPU
		{868850DC-9136-4F6F-B22B-CDC69D1427DC}.Release|Any CPU.Build.0 = Release|Any CPU
		{BAE4CE0E-3C9B-4D44-8EF0-11C0234790A0}.Debug|Any CPU.ActiveCfg = Debug|Any CPU
		{BAE4CE0E-3C9B-4D44-8EF0-11C0234790A0}.Debug|Any CPU.Build.0 = Debug|Any CPU
		{BAE4CE0E-3C9B-4D44-8EF0-11C0234790A0}.Release|Any CPU.ActiveCfg = Release|Any CPU
		{BAE4CE0E-3C9B-4D44-8EF0-11C0234790A0}.Release|Any CPU.Build.0 = Release|Any CPU
	EndGlobalSection
	GlobalSection(SolutionProperties) = preSolution
		HideSolutionNode = FALSE
	EndGlobalSection
	GlobalSection(ExtensibilityGlobals) = postSolution
		SolutionGuid = {7BBD98C1-1DCB-44E8-92DE-922242DD7EB3}
	EndGlobalSection
EndGlobal
